
Microsoft Visual Studio Solution File, Format Version 12.00
# Visual Studio Version 16
VisualStudioVersion = 16.0.30907.101
MinimumVisualStudioVersion = 10.0.40219.1
Project("{FAE04EC0-301F-11D3-BF4B-00C04F79EFBC}") = "OffregLib", "OffregLib\OffregLib.csproj", "{E38ACCC6-D7F3-40D5-971C-12E3D7E1F91F}"
EndProject
Project("{FAE04EC0-301F-11D3-BF4B-00C04F79EFBC}") = "OffregLibTests", "OffregLibTests\OffregLibTests.csproj", "{58F9898F-4BCA-4AAD-8F60-D4AE676E0EAB}"
EndProject
Project("{FAE04EC0-301F-11D3-BF4B-00C04F79EFBC}") = "TestApplication", "TestApplication\TestApplication.csproj", "{D63AC352-06CF-4FBD-A9B9-62C4C25EE147}"
EndProject
Global
	GlobalSection(SolutionConfigurationPlatforms) = preSolution
		Debug|Any CPU = Debug|Any CPU
		Release|Any CPU = Release|Any CPU
	EndGlobalSection
	GlobalSection(ProjectConfigurationPlatforms) = postSolution
		{E38ACCC6-D7F3-40D5-971C-12E3D7E1F91F}.Debug|Any CPU.ActiveCfg = Debug|Any CPU
		{E38ACCC6-D7F3-40D5-971C-12E3D7E1F91F}.Debug|Any CPU.Build.0 = Debug|Any CPU
		{E38ACCC6-D7F3-40D5-971C-12E3D7E1F91F}.Release|Any CPU.ActiveCfg = Release|Any CPU
		{E38ACCC6-D7F3-40D5-971C-12E3D7E1F91F}.Release|Any CPU.Build.0 = Release|Any CPU
		{58F9898F-4BCA-4AAD-8F60-D4AE676E0EAB}.Debug|Any CPU.ActiveCfg = Debug|Any CPU
		{58F9898F-4BCA-4AAD-8F60-D4AE676E0EAB}.Debug|Any CPU.Build.0 = Debug|Any CPU
		{58F9898F-4BCA-4AAD-8F60-D4AE676E0EAB}.Release|Any CPU.ActiveCfg = Release|Any CPU
		{58F9898F-4BCA-4AAD-8F60-D4AE676E0EAB}.Release|Any CPU.Build.0 = Release|Any CPU
		{D63AC352-06CF-4FBD-A9B9-62C4C25EE147}.Debug|Any CPU.ActiveCfg = Debug|Any CPU
		{D63AC352-06CF-4FBD-A9B9-62C4C25EE147}.Debug|Any CPU.Build.0 = Debug|Any CPU
		{D63AC352-06CF-4FBD-A9B9-62C4C25EE147}.Release|Any CPU.ActiveCfg = Release|Any CPU
		{D63AC352-06CF-4FBD-A9B9-62C4C25EE147}.Release|Any CPU.Build.0 = Release|Any CPU
	EndGlobalSection
	GlobalSection(SolutionProperties) = preSolution
		HideSolutionNode = FALSE
	EndGlobalSection
	GlobalSection(ExtensibilityGlobals) = postSolution
		SolutionGuid = {154FFA9F-5A5D-4EF5-A8E0-BB0C97D51514}
	EndGlobalSection
EndGlobal
